
Microsoft Visual Studio Solution File, Format Version 12.00
# Visual Studio 15
VisualStudioVersion = 15.0.28010.2026
MinimumVisualStudioVersion = 10.0.40219.1
Project("{9A19103F-16F7-4668-BE54-9A1E7A4F7556}") = "QL_BanMayTinh_Main", "QL_BanMayTinh_Main\QL_BanMayTinh_Main.csproj", "{99A6045B-DDF6-4179-AEA4-92E602EB1D06}"
EndProject
Project("{2150E333-8FDC-42A3-9474-1A3956D46DE8}") = "Services", "Services", "{F7A2C55B-868A-47F1-A876-640F75AC8F50}"
EndProject
Project("{2150E333-8FDC-42A3-9474-1A3956D46DE8}") = "KhachHang.API", "KhachHang.API", "{5BFCB92A-A659-442F-AEBA-33DAA694AC63}"
EndProject
Project("{9A19103F-16F7-4668-BE54-9A1E7A4F7556}") = "KhachHang.API", "..\Services\KhachHang.API\KhachHang.API\KhachHang.API.csproj", "{77E33F0D-B889-4F5B-A7D7-EEE02C697561}"
EndProject
Project("{2150E333-8FDC-42A3-9474-1A3956D46DE8}") = "SanPham.API", "SanPham.API", "{6DD0C9EB-ED27-436E-8694-A224DA10852C}"
EndProject
Project("{9A19103F-16F7-4668-BE54-9A1E7A4F7556}") = "SanPham.API", "..\Services\SanPham.API\SanPham.API\SanPham.API.csproj", "{04ED0B64-41EB-4EED-BFF7-A58BDA1EAC5E}"
EndProject
Project("{2150E333-8FDC-42A3-9474-1A3956D46DE8}") = "DonHang.API", "DonHang.API", "{932957DD-2ACC-4B1A-9BE0-7E5D005C34CA}"
EndProject
Project("{9A19103F-16F7-4668-BE54-9A1E7A4F7556}") = "DonHang.API", "..\Services\DonHang.API\DonHang.API\DonHang.API.csproj", "{088491E1-D544-43C6-920F-EB2567304584}"
EndProject
Project("{2150E333-8FDC-42A3-9474-1A3956D46DE8}") = "PhieuNhap.API", "PhieuNhap.API", "{864DAC34-51CC-4CDD-A7EC-BC88300398A8}"
EndProject
Project("{9A19103F-16F7-4668-BE54-9A1E7A4F7556}") = "PhieuNhap.API", "..\Services\PhieuNhap.API\PhieuNhap.API\PhieuNhap.API.csproj", "{E0CFCBAD-6179-4E2D-9D2C-9623F1B97144}"
EndProject
Project("{E53339B2-1760-4266-BCC7-CA923CBCF16C}") = "docker-compose", "docker-compose.dcproj", "{B81293FA-241B-4043-BE9D-953D80BD1FDD}"
EndProject
Global
	GlobalSection(SolutionConfigurationPlatforms) = preSolution
		Debug|Any CPU = Debug|Any CPU
		Release|Any CPU = Release|Any CPU
	EndGlobalSection
	GlobalSection(ProjectConfigurationPlatforms) = postSolution
		{99A6045B-DDF6-4179-AEA4-92E602EB1D06}.Debug|Any CPU.ActiveCfg = Debug|Any CPU
		{99A6045B-DDF6-4179-AEA4-92E602EB1D06}.Debug|Any CPU.Build.0 = Debug|Any CPU
		{99A6045B-DDF6-4179-AEA4-92E602EB1D06}.Release|Any CPU.ActiveCfg = Release|Any CPU
		{99A6045B-DDF6-4179-AEA4-92E602EB1D06}.Release|Any CPU.Build.0 = Release|Any CPU
		{77E33F0D-B889-4F5B-A7D7-EEE02C697561}.Debug|Any CPU.ActiveCfg = Debug|Any CPU
		{77E33F0D-B889-4F5B-A7D7-EEE02C697561}.Debug|Any CPU.Build.0 = Debug|Any CPU
		{77E33F0D-B889-4F5B-A7D7-EEE02C697561}.Release|Any CPU.ActiveCfg = Release|Any CPU
		{77E33F0D-B889-4F5B-A7D7-EEE02C697561}.Release|Any CPU.Build.0 = Release|Any CPU
		{04ED0B64-41EB-4EED-BFF7-A58BDA1EAC5E}.Debug|Any CPU.ActiveCfg = Debug|Any CPU
		{04ED0B64-41EB-4EED-BFF7-A58BDA1EAC5E}.Debug|Any CPU.Build.0 = Debug|Any CPU
		{04ED0B64-41EB-4EED-BFF7-A58BDA1EAC5E}.Release|Any CPU.ActiveCfg = Release|Any CPU
		{04ED0B64-41EB-4EED-BFF7-A58BDA1EAC5E}.Release|Any CPU.Build.0 = Release|Any CPU
		{088491E1-D544-43C6-920F-EB2567304584}.Debug|Any CPU.ActiveCfg = Debug|Any CPU
		{088491E1-D544-43C6-920F-EB2567304584}.Debug|Any CPU.Build.0 = Debug|Any CPU
		{088491E1-D544-43C6-920F-EB2567304584}.Release|Any CPU.ActiveCfg = Release|Any CPU
		{088491E1-D544-43C6-920F-EB2567304584}.Release|Any CPU.Build.0 = Release|Any CPU
		{E0CFCBAD-6179-4E2D-9D2C-9623F1B97144}.Debug|Any CPU.ActiveCfg = Debug|Any CPU
		{E0CFCBAD-6179-4E2D-9D2C-9623F1B97144}.Debug|Any CPU.Build.0 = Debug|Any CPU
		{E0CFCBAD-6179-4E2D-9D2C-9623F1B97144}.Release|Any CPU.ActiveCfg = Release|Any CPU
		{E0CFCBAD-6179-4E2D-9D2C-9623F1B97144}.Release|Any CPU.Build.0 = Release|Any CPU
		{B81293FA-241B-4043-BE9D-953D80BD1FDD}.Debug|Any CPU.ActiveCfg = Debug|Any CPU
		{B81293FA-241B-4043-BE9D-953D80BD1FDD}.Debug|Any CPU.Build.0 = Debug|Any CPU
		{B81293FA-241B-4043-BE9D-953D80BD1FDD}.Release|Any CPU.ActiveCfg = Release|Any CPU
		{B81293FA-241B-4043-BE9D-953D80BD1FDD}.Release|Any CPU.Build.0 = Release|Any CPU
	EndGlobalSection
	GlobalSection(SolutionProperties) = preSolution
		HideSolutionNode = FALSE
	EndGlobalSection
	GlobalSection(NestedProjects) = preSolution
		{5BFCB92A-A659-442F-AEBA-33DAA694AC63} = {F7A2C55B-868A-47F1-A876-640F75AC8F50}
		{77E33F0D-B889-4F5B-A7D7-EEE02C697561} = {5BFCB92A-A659-442F-AEBA-33DAA694AC63}
		{6DD0C9EB-ED27-436E-8694-A224DA10852C} = {F7A2C55B-868A-47F1-A876-640F75AC8F50}
		{04ED0B64-41EB-4EED-BFF7-A58BDA1EAC5E} = {6DD0C9EB-ED27-436E-8694-A224DA10852C}
		{932957DD-2ACC-4B1A-9BE0-7E5D005C34CA} = {F7A2C55B-868A-47F1-A876-640F75AC8F50}
		{088491E1-D544-43C6-920F-EB2567304584} = {932957DD-2ACC-4B1A-9BE0-7E5D005C34CA}
		{864DAC34-51CC-4CDD-A7EC-BC88300398A8} = {F7A2C55B-868A-47F1-A876-640F75AC8F50}
		{E0CFCBAD-6179-4E2D-9D2C-9623F1B97144} = {864DAC34-51CC-4CDD-A7EC-BC88300398A8}
	EndGlobalSection
	GlobalSection(ExtensibilityGlobals) = postSolution
		SolutionGuid = {BBFA78BE-2603-4BE6-9F65-490C30E80711}
	EndGlobalSection
EndGlobal
